
Microsoft Visual Studio Solution File, Format Version 12.00
# Visual Studio 15
VisualStudioVersion = 15.0.26430.14
MinimumVisualStudioVersion = 10.0.40219.1
Project("{2150E333-8FDC-42A3-9474-1A3956D46DE8}") = "src", "src", "{52592B92-29BD-4F47-9E39-24B76C021EFE}"
EndProject
Project("{2150E333-8FDC-42A3-9474-1A3956D46DE8}") = "Solution Items", "Solution Items", "{96163270-F0A3-41D3-8DA9-22CD2ED19A49}"
	ProjectSection(SolutionItems) = preProject
		..\README.md = ..\README.md
	EndProjectSection
EndProject
Project("{9A19103F-16F7-4668-BE54-9A1E7A4F7556}") = "FoxySharp", "FoxySharp\FoxySharp.csproj", "{FF6632B7-181E-4B75-8BC7-72ACC75E5B56}"
EndProject
Project("{9A19103F-16F7-4668-BE54-9A1E7A4F7556}") = "FoxySharp.Samples.Client", "FoxySharp.Samples.Client\FoxySharp.Samples.Client.csproj", "{3CCD39B1-B514-415A-84A5-108E09E2442C}"
EndProject
Project("{9A19103F-16F7-4668-BE54-9A1E7A4F7556}") = "FoxySharp.Samples.DataFeedTester", "FoxySharp.Samples.DataFeedTester\FoxySharp.Samples.DataFeedTester.csproj", "{014FA039-2E97-4152-811B-3CE76867B44D}"
EndProject
Project("{9A19103F-16F7-4668-BE54-9A1E7A4F7556}") = "FoxySharp.Samples.Web", "FoxySharp.Samples.Web\FoxySharp.Samples.Web.csproj", "{A76A836B-E413-4784-86A1-2B4C96C9D84D}"
EndProject
Global
	GlobalSection(SolutionConfigurationPlatforms) = preSolution
		Debug|Any CPU = Debug|Any CPU
		Release|Any CPU = Release|Any CPU
	EndGlobalSection
	GlobalSection(ProjectConfigurationPlatforms) = postSolution
		{FF6632B7-181E-4B75-8BC7-72ACC75E5B56}.Debug|Any CPU.ActiveCfg = Debug|Any CPU
		{FF6632B7-181E-4B75-8BC7-72ACC75E5B56}.Debug|Any CPU.Build.0 = Debug|Any CPU
		{FF6632B7-181E-4B75-8BC7-72ACC75E5B56}.Release|Any CPU.ActiveCfg = Release|Any CPU
		{FF6632B7-181E-4B75-8BC7-72ACC75E5B56}.Release|Any CPU.Build.0 = Release|Any CPU
		{3CCD39B1-B514-415A-84A5-108E09E2442C}.Debug|Any CPU.ActiveCfg = Debug|Any CPU
		{3CCD39B1-B514-415A-84A5-108E09E2442C}.Debug|Any CPU.Build.0 = Debug|Any CPU
		{3CCD39B1-B514-415A-84A5-108E09E2442C}.Release|Any CPU.ActiveCfg = Release|Any CPU
		{3CCD39B1-B514-415A-84A5-108E09E2442C}.Release|Any CPU.Build.0 = Release|Any CPU
		{014FA039-2E97-4152-811B-3CE76867B44D}.Debug|Any CPU.ActiveCfg = Debug|Any CPU
		{014FA039-2E97-4152-811B-3CE76867B44D}.Debug|Any CPU.Build.0 = Debug|Any CPU
		{014FA039-2E97-4152-811B-3CE76867B44D}.Release|Any CPU.ActiveCfg = Release|Any CPU
		{014FA039-2E97-4152-811B-3CE76867B44D}.Release|Any CPU.Build.0 = Release|Any CPU
		{A76A836B-E413-4784-86A1-2B4C96C9D84D}.Debug|Any CPU.ActiveCfg = Debug|Any CPU
		{A76A836B-E413-4784-86A1-2B4C96C9D84D}.Debug|Any CPU.Build.0 = Debug|Any CPU
		{A76A836B-E413-4784-86A1-2B4C96C9D84D}.Release|Any CPU.ActiveCfg = Release|Any CPU
		{A76A836B-E413-4784-86A1-2B4C96C9D84D}.Release|Any CPU.Build.0 = Release|Any CPU
	EndGlobalSection
	GlobalSection(SolutionProperties) = preSolution
		HideSolutionNode = FALSE
	EndGlobalSection
	GlobalSection(NestedProjects) = preSolution
		{FF6632B7-181E-4B75-8BC7-72ACC75E5B56} = {52592B92-29BD-4F47-9E39-24B76C021EFE}
		{3CCD39B1-B514-415A-84A5-108E09E2442C} = {52592B92-29BD-4F47-9E39-24B76C021EFE}
		{014FA039-2E97-4152-811B-3CE76867B44D} = {52592B92-29BD-4F47-9E39-24B76C021EFE}
		{A76A836B-E413-4784-86A1-2B4C96C9D84D} = {52592B92-29BD-4F47-9E39-24B76C021EFE}
	EndGlobalSection
EndGlobal
